
Microsoft Visual Studio Solution File, Format Version 12.00
# Visual Studio Version 16
VisualStudioVersion = 16.0.31129.286
MinimumVisualStudioVersion = 10.0.40219.1
Project("{9A19103F-16F7-4668-BE54-9A1E7A4F7556}") = "GrindCompetitionAPI", "GrindCompetitionAPI\GrindCompetitionAPI.csproj", "{CDF903D3-1FCE-4857-AE84-5EC4C5AA4938}"
EndProject
Project("{9A19103F-16F7-4668-BE54-9A1E7A4F7556}") = "Ingestion", "Ingestion\Ingestion.csproj", "{92FDF869-5027-4B16-A41C-D3C0F2A05AA4}"
EndProject
Project("{9A19103F-16F7-4668-BE54-9A1E7A4F7556}") = "DataAccess", "DataAccess\DataAccess.csproj", "{93E2E492-6031-4494-867C-A5EA6BAEE906}"
EndProject
Project("{2150E333-8FDC-42A3-9474-1A3956D46DE8}") = "Solution Items", "Solution Items", "{791228FB-1A19-48F7-927B-FE3E62490C83}"
	ProjectSection(SolutionItems) = preProject
		.dockerignore = .dockerignore
		.gitattributes = .gitattributes
		.gitignore = .gitignore
		docker-compose-production.yml = docker-compose-production.yml
		docker-compose-push.yml = docker-compose-push.yml
		docker-compose.yml = docker-compose.yml
		vm-startscript.sh = vm-startscript.sh
	EndProjectSection
EndProject
Global
	GlobalSection(SolutionConfigurationPlatforms) = preSolution
		Debug|Any CPU = Debug|Any CPU
		Release|Any CPU = Release|Any CPU
	EndGlobalSection
	GlobalSection(ProjectConfigurationPlatforms) = postSolution
		{CDF903D3-1FCE-4857-AE84-5EC4C5AA4938}.Debug|Any CPU.ActiveCfg = Debug|Any CPU
		{CDF903D3-1FCE-4857-AE84-5EC4C5AA4938}.Debug|Any CPU.Build.0 = Debug|Any CPU
		{CDF903D3-1FCE-4857-AE84-5EC4C5AA4938}.Release|Any CPU.ActiveCfg = Release|Any CPU
		{CDF903D3-1FCE-4857-AE84-5EC4C5AA4938}.Release|Any CPU.Build.0 = Release|Any CPU
		{92FDF869-5027-4B16-A41C-D3C0F2A05AA4}.Debug|Any CPU.ActiveCfg = Debug|Any CPU
		{92FDF869-5027-4B16-A41C-D3C0F2A05AA4}.Debug|Any CPU.Build.0 = Debug|Any CPU
		{92FDF869-5027-4B16-A41C-D3C0F2A05AA4}.Release|Any CPU.ActiveCfg = Release|Any CPU
		{92FDF869-5027-4B16-A41C-D3C0F2A05AA4}.Release|Any CPU.Build.0 = Release|Any CPU
		{93E2E492-6031-4494-867C-A5EA6BAEE906}.Debug|Any CPU.ActiveCfg = Debug|Any CPU
		{93E2E492-6031-4494-867C-A5EA6BAEE906}.Debug|Any CPU.Build.0 = Debug|Any CPU
		{93E2E492-6031-4494-867C-A5EA6BAEE906}.Release|Any CPU.ActiveCfg = Release|Any CPU
		{93E2E492-6031-4494-867C-A5EA6BAEE906}.Release|Any CPU.Build.0 = Release|Any CPU
	EndGlobalSection
	GlobalSection(SolutionProperties) = preSolution
		HideSolutionNode = FALSE
	EndGlobalSection
	GlobalSection(ExtensibilityGlobals) = postSolution
		SolutionGuid = {9FF33E05-CFFB-49FD-9CAB-919A577D7397}
	EndGlobalSection
EndGlobal
